
Microsoft Visual Studio Solution File, Format Version 12.00
# Visual Studio Version 16
VisualStudioVersion = 16.0.30804.86
MinimumVisualStudioVersion = 10.0.40219.1
Project("{9A19103F-16F7-4668-BE54-9A1E7A4F7556}") = "RepBot", "RepBotTest2\RepBot.csproj", "{78AA0EA1-4B15-4FC6-A467-2A6463CEA8D0}"
EndProject
Global
	GlobalSection(SolutionConfigurationPlatforms) = preSolution
		Debug|Any CPU = Debug|Any CPU
		Release|Any CPU = Release|Any CPU
	EndGlobalSection
	GlobalSection(ProjectConfigurationPlatforms) = postSolution
		{78AA0EA1-4B15-4FC6-A467-2A6463CEA8D0}.Debug|Any CPU.ActiveCfg = Debug|Any CPU
		{78AA0EA1-4B15-4FC6-A467-2A6463CEA8D0}.Debug|Any CPU.Build.0 = Debug|Any CPU
		{78AA0EA1-4B15-4FC6-A467-2A6463CEA8D0}.Release|Any CPU.ActiveCfg = Release|Any CPU
		{78AA0EA1-4B15-4FC6-A467-2A6463CEA8D0}.Release|Any CPU.Build.0 = Release|Any CPU
	EndGlobalSection
	GlobalSection(SolutionProperties) = preSolution
		HideSolutionNode = FALSE
	EndGlobalSection
	GlobalSection(ExtensibilityGlobals) = postSolution
		SolutionGuid = {E4726187-61FC-4615-A24F-58AAA51929CF}
	EndGlobalSection
EndGlobal
